
Microsoft Visual Studio Solution File, Format Version 12.00
# Visual Studio Version 17
VisualStudioVersion = 17.10.35013.160
MinimumVisualStudioVersion = 10.0.40219.1
Project("{9A19103F-16F7-4668-BE54-9A1E7A4F7556}") = "ProductRESTfulAPI", "ProductRESTfulAPI\ProductRESTfulAPI.csproj", "{D82006FE-0FFE-4DB3-8EDF-EC71547A01C7}"
EndProject
Project("{FAE04EC0-301F-11D3-BF4B-00C04F79EFBC}") = "ProductRESTfulAPITests", "ProductRESTfulAPITests\ProductRESTfulAPITests.csproj", "{9D87DE39-DCFC-45DF-B4A9-93E7194C41D5}"
EndProject
Global
	GlobalSection(SolutionConfigurationPlatforms) = preSolution
		Debug|Any CPU = Debug|Any CPU
		Release|Any CPU = Release|Any CPU
	EndGlobalSection
	GlobalSection(ProjectConfigurationPlatforms) = postSolution
		{D82006FE-0FFE-4DB3-8EDF-EC71547A01C7}.Debug|Any CPU.ActiveCfg = Debug|Any CPU
		{D82006FE-0FFE-4DB3-8EDF-EC71547A01C7}.Debug|Any CPU.Build.0 = Debug|Any CPU
		{D82006FE-0FFE-4DB3-8EDF-EC71547A01C7}.Release|Any CPU.ActiveCfg = Release|Any CPU
		{D82006FE-0FFE-4DB3-8EDF-EC71547A01C7}.Release|Any CPU.Build.0 = Release|Any CPU
		{9D87DE39-DCFC-45DF-B4A9-93E7194C41D5}.Debug|Any CPU.ActiveCfg = Debug|Any CPU
		{9D87DE39-DCFC-45DF-B4A9-93E7194C41D5}.Debug|Any CPU.Build.0 = Debug|Any CPU
		{9D87DE39-DCFC-45DF-B4A9-93E7194C41D5}.Release|Any CPU.ActiveCfg = Release|Any CPU
		{9D87DE39-DCFC-45DF-B4A9-93E7194C41D5}.Release|Any CPU.Build.0 = Release|Any CPU
	EndGlobalSection
	GlobalSection(SolutionProperties) = preSolution
		HideSolutionNode = FALSE
	EndGlobalSection
	GlobalSection(ExtensibilityGlobals) = postSolution
		SolutionGuid = {C28D1122-E38C-4D1C-A89E-217D67DDF9AA}
	EndGlobalSection
EndGlobal
